// !$*UTF8*$!
{
	archiveVersion = 1;
	classes = {
	};
	objectVersion = 48;
	objects = {

/* Begin PBXBuildFile section */
		12358AE01FD636640075DB7B /* AppDelegate.swift in Sources */ = {isa = PBXBuildFile; fileRef = 12358ADF1FD636640075DB7B /* AppDelegate.swift */; };
		12358AE21FD636640075DB7B /* ViewController.swift in Sources */ = {isa = PBXBuildFile; fileRef = 12358AE11FD636640075DB7B /* ViewController.swift */; };
		12358AE51FD636640075DB7B /* Main.storyboard in Resources */ = {isa = PBXBuildFile; fileRef = 12358AE31FD636640075DB7B /* Main.storyboard */; };
		12358AE71FD636640075DB7B /* Assets.xcassets in Resources */ = {isa = PBXBuildFile; fileRef = 12358AE61FD636640075DB7B /* Assets.xcassets */; };
		12358AEA1FD636640075DB7B /* LaunchScreen.storyboard in Resources */ = {isa = PBXBuildFile; fileRef = 12358AE81FD636640075DB7B /* LaunchScreen.storyboard */; };
		12358AF21FD639590075DB7B /* TapGestureViewController.swift in Sources */ = {isa = PBXBuildFile; fileRef = 12358AF11FD639590075DB7B /* TapGestureViewController.swift */; };
		12358AF41FD639660075DB7B /* RotationGestureViewController.swift in Sources */ = {isa = PBXBuildFile; fileRef = 12358AF31FD639660075DB7B /* RotationGestureViewController.swift */; };
		12358AF81FD639F60075DB7B /* PinchGestureViewController.swift in Sources */ = {isa = PBXBuildFile; fileRef = 12358AF71FD639F60075DB7B /* PinchGestureViewController.swift */; };
		12358AFA1FD63EC80075DB7B /* Animations.storyboard in Resources */ = {isa = PBXBuildFile; fileRef = 12358AF91FD63EC80075DB7B /* Animations.storyboard */; };
		12358AFC1FD63F020075DB7B /* SignupViewController.swift in Sources */ = {isa = PBXBuildFile; fileRef = 12358AFB1FD63F020075DB7B /* SignupViewController.swift */; };
/* End PBXBuildFile section */

/* Begin PBXFileReference section */
		12358ADC1FD636640075DB7B /* PT-W6D1-Demo-App.app */ = {isa = PBXFileReference; explicitFileType = wrapper.application; includeInIndex = 0; path = "PT-W6D1-Demo-App.app"; sourceTree = BUILT_PRODUCTS_DIR; };
		12358ADF1FD636640075DB7B /* AppDelegate.swift */ = {isa = PBXFileReference; lastKnownFileType = sourcecode.swift; path = AppDelegate.swift; sourceTree = "<group>"; };
		12358AE11FD636640075DB7B /* ViewController.swift */ = {isa = PBXFileReference; lastKnownFileType = sourcecode.swift; path = ViewController.swift; sourceTree = "<group>"; };
		12358AE41FD636640075DB7B /* Base */ = {isa = PBXFileReference; lastKnownFileType = file.storyboard; name = Base; path = Base.lproj/Main.storyboard; sourceTree = "<group>"; };
		12358AE61FD636640075DB7B /* Assets.xcassets */ = {isa = PBXFileReference; lastKnownFileType = folder.assetcatalog; path = Assets.xcassets; sourceTree = "<group>"; };
		12358AE91FD636640075DB7B /* Base */ = {isa = PBXFileReference; lastKnownFileType = file.storyboard; name = Base; path = Base.lproj/LaunchScreen.storyboard; sourceTree = "<group>"; };
		12358AEB1FD636640075DB7B /* Info.plist */ = {isa = PBXFileReference; lastKnownFileType = text.plist.xml; path = Info.plist; sourceTree = "<group>"; };
		12358AF11FD639590075DB7B /* TapGestureViewController.swift */ = {isa = PBXFileReference; lastKnownFileType = sourcecode.swift; path = TapGestureViewController.swift; sourceTree = "<group>"; };
		12358AF31FD639660075DB7B /* RotationGestureViewController.swift */ = {isa = PBXFileReference; lastKnownFileType = sourcecode.swift; path = RotationGestureViewController.swift; sourceTree = "<group>"; };
		12358AF71FD639F60075DB7B /* PinchGestureViewController.swift */ = {isa = PBXFileReference; lastKnownFileType = sourcecode.swift; path = PinchGestureViewController.swift; sourceTree = "<group>"; };
		12358AF91FD63EC80075DB7B /* Animations.storyboard */ = {isa = PBXFileReference; lastKnownFileType = file.storyboard; path = Animations.storyboard; sourceTree = "<group>"; };
		12358AFB1FD63F020075DB7B /* SignupViewController.swift */ = {isa = PBXFileReference; lastKnownFileType = sourcecode.swift; path = SignupViewController.swift; sourceTree = "<group>"; };
/* End PBXFileReference section */

/* Begin PBXFrameworksBuildPhase section */
		12358AD91FD636640075DB7B /* Frameworks */ = {
			isa = PBXFrameworksBuildPhase;
			buildActionMask = 2147483647;
			files = (
			);
			runOnlyForDeploymentPostprocessing = 0;
		};
/* End PBXFrameworksBuildPhase section */

/* Begin PBXGroup section */
		12358AD31FD636640075DB7B = {
			isa = PBXGroup;
			children = (
				12358ADE1FD636640075DB7B /* PT-W6D1-Demo-App */,
				12358ADD1FD636640075DB7B /* Products */,
			);
			sourceTree = "<group>";
		};
		12358ADD1FD636640075DB7B /* Products */ = {
			isa = PBXGroup;
			children = (
				12358ADC1FD636640075DB7B /* PT-W6D1-Demo-App.app */,
			);
			name = Products;
			sourceTree = "<group>";
		};
		12358ADE1FD636640075DB7B /* PT-W6D1-Demo-App */ = {
			isa = PBXGroup;
			children = (
				12358ADF1FD636640075DB7B /* AppDelegate.swift */,
				12358AE11FD636640075DB7B /* ViewController.swift */,
				12358AE31FD636640075DB7B /* Main.storyboard */,
				12358AF11FD639590075DB7B /* TapGestureViewController.swift */,
				12358AF31FD639660075DB7B /* RotationGestureViewController.swift */,
				12358AF71FD639F60075DB7B /* PinchGestureViewController.swift */,
				12358AF91FD63EC80075DB7B /* Animations.storyboard */,
				12358AFB1FD63F020075DB7B /* SignupViewController.swift */,
				12358AE61FD636640075DB7B /* Assets.xcassets */,
				12358AE81FD636640075DB7B /* LaunchScreen.storyboard */,
				12358AEB1FD636640075DB7B /* Info.plist */,
			);
			path = "PT-W6D1-Demo-App";
			sourceTree = "<group>";
		};
/* End PBXGroup section */

/* Begin PBXNativeTarget section */
		12358ADB1FD636640075DB7B /* PT-W6D1-Demo-App */ = {
			isa = PBXNativeTarget;
			buildConfigurationList = 12358AEE1FD636640075DB7B /* Build configuration list for PBXNativeTarget "PT-W6D1-Demo-App" */;
			buildPhases = (
				12358AD81FD636640075DB7B /* Sources */,
				12358AD91FD636640075DB7B /* Frameworks */,
				12358ADA1FD636640075DB7B /* Resources */,
			);
			buildRules = (
			);
			dependencies = (
			);
			name = "PT-W6D1-Demo-App";
			productName = "PT-W6D1-Demo-App";
			productReference = 12358ADC1FD636640075DB7B /* PT-W6D1-Demo-App.app */;
			productType = "com.apple.product-type.application";
		};
/* End PBXNativeTarget section */

/* Begin PBXProject section */
		12358AD41FD636640075DB7B /* Project object */ = {
			isa = PBXProject;
			attributes = {
				LastSwiftUpdateCheck = 0910;
				LastUpgradeCheck = 0910;
				ORGANIZATIONNAME = "Daniel Mathews";
				TargetAttributes = {
					12358ADB1FD636640075DB7B = {
						CreatedOnToolsVersion = 9.1;
						ProvisioningStyle = Automatic;
					};
				};
			};
			buildConfigurationList = 12358AD71FD636640075DB7B /* Build configuration list for PBXProject "PT-W6D1-Demo-App" */;
			compatibilityVersion = "Xcode 8.0";
			developmentRegion = en;
			hasScannedForEncodings = 0;
			knownRegions = (
				en,
				Base,
			);
			mainGroup = 12358AD31FD636640075DB7B;
			productRefGroup = 12358ADD1FD636640075DB7B /* Products */;
			projectDirPath = "";
			projectRoot = "";
			targets = (
				12358ADB1FD636640075DB7B /* PT-W6D1-Demo-App */,
			);
		};
/* End PBXProject section */

/* Begin PBXResourcesBuildPhase section */
		12358ADA1FD636640075DB7B /* Resources */ = {
			isa = PBXResourcesBuildPhase;
			buildActionMask = 2147483647;
			files = (
				12358AEA1FD636640075DB7B /* LaunchScreen.storyboard in Resources */,
				12358AE71FD636640075DB7B /* Assets.xcassets in Resources */,
				12358AE51FD636640075DB7B /* Main.storyboard in Resources */,
				12358AFA1FD63EC80075DB7B /* Animations.storyboard in Resources */,
			);
			runOnlyForDeploymentPostprocessing = 0;
		};
/* End PBXResourcesBuildPhase section */

/* Begin PBXSourcesBuildPhase section */
		12358AD81FD636640075DB7B /* Sources */ = {
			isa = PBXSourcesBuildPhase;
			buildActionMask = 2147483647;
			files = (
				12358AFC1FD63F020075DB7B /* SignupViewController.swift in Sources */,
				12358AF41FD639660075DB7B /* RotationGestureViewController.swift in Sources */,
				12358AF81FD639F60075DB7B /* PinchGestureViewController.swift in Sources */,
				12358AF21FD639590075DB7B /* TapGestureViewController.swift in Sources */,
				12358AE21FD636640075DB7B /* ViewController.swift in Sources */,
				12358AE01FD636640075DB7B /* AppDelegate.swift in Sources */,
			);
			runOnlyForDeploymentPostprocessing = 0;
		};
/* End PBXSourcesBuildPhase section */

/* Begin PBXVariantGroup section */
		12358AE31FD636640075DB7B /* Main.storyboard */ = {
			isa = PBXVariantGroup;
			children = (
				12358AE41FD636640075DB7B /* Base */,
			);
			name = Main.storyboard;
			sourceTree = "<group>";
		};
		12358AE81FD636640075DB7B /* LaunchScreen.storyboard */ = {
			isa = PBXVariantGroup;
			children = (
				12358AE91FD636640075DB7B /* Base */,
			);
			name = LaunchScreen.storyboard;
			sourceTree = "<group>";
		};
/* End PBXVariantGroup section */

/* Begin XCBuildConfiguration section */
		12358AEC1FD636640075DB7B /* Debug */ = {
			isa = XCBuildConfiguration;
			buildSettings = {
				ALWAYS_SEARCH_USER_PATHS = NO;
				CLANG_ANALYZER_NONNULL = YES;
				CLANG_ANALYZER_NUMBER_OBJECT_CONVERSION = YES_AGGRESSIVE;
				CLANG_CXX_LANGUAGE_STANDARD = "gnu++14";
				CLANG_CXX_LIBRARY = "libc++";
				CLANG_ENABLE_MODULES = YES;
				CLANG_ENABLE_OBJC_ARC = YES;
				CLANG_WARN_BLOCK_CAPTURE_AUTORELEASING = YES;
				CLANG_WARN_BOOL_CONVERSION = YES;
				CLANG_WARN_COMMA = YES;
				CLANG_WARN_CONSTANT_CONVERSION = YES;
				CLANG_WARN_DIRECT_OBJC_ISA_USAGE = YES_ERROR;
				CLANG_WARN_DOCUMENTATION_COMMENTS = YES;
				CLANG_WARN_EMPTY_BODY = YES;
				CLANG_WARN_ENUM_CONVERSION = YES;
				CLANG_WARN_INFINITE_RECURSION = YES;
				CLANG_WARN_INT_CONVERSION = YES;
				CLANG_WARN_NON_LITERAL_NULL_CONVERSION = YES;
				CLANG_WARN_OBJC_LITERAL_CONVERSION = YES;
				CLANG_WARN_OBJC_ROOT_CLASS = YES_ERROR;
				CLANG_WARN_RANGE_LOOP_ANALYSIS = YES;
				CLANG_WARN_STRICT_PROTOTYPES = YES;
				CLANG_WARN_SUSPICIOUS_MOVE = YES;
				CLANG_WARN_UNGUARDED_AVAILABILITY = YES_AGGRESSIVE;
				CLANG_WARN_UNREACHABLE_CODE = YES;
				CLANG_WARN__DUPLICATE_METHOD_MATCH = YES;
				CODE_SIGN_IDENTITY = "iPhone Developer";
				COPY_PHASE_STRIP = NO;
				DEBUG_INFORMATION_FORMAT = dwarf;
				ENABLE_STRICT_OBJC_MSGSEND = YES;
				ENABLE_TESTABILITY = YES;
				GCC_C_LANGUAGE_STANDARD = gnu11;
				GCC_DYNAMIC_NO_PIC = NO;
				GCC_NO_COMMON_BLOCKS = YES;
				GCC_OPTIMIZATION_LEVEL = 0;
				GCC_PREPROCESSOR_DEFINITIONS = (
					"DEBUG=1",
					"$(inherited)",
				);
				GCC_WARN_64_TO_32_BIT_CONVERSION = YES;
				GCC_WARN_ABOUT_RETURN_TYPE = YES_ERROR;
				GCC_WARN_UNDECLARED_SELECTOR = YES;
				GCC_WARN_UNINITIALIZED_AUTOS = YES_AGGRESSIVE;
				GCC_WARN_UNUSED_FUNCTION = YES;
				GCC_WARN_UNUSED_VARIABLE = YES;
				IPHONEOS_DEPLOYMENT_TARGET = 11.1;
				MTL_ENABLE_DEBUG_INFO = YES;
				ONLY_ACTIVE_ARCH = YES;
				SDKROOT = iphoneos;
				SWIFT_ACTIVE_COMPILATION_CONDITIONS = DEBUG;
				SWIFT_OPTIMIZATION_LEVEL = "-Onone";
			};
			name = Debug;
		};
		12358AED1FD636640075DB7B /* Release */ = {
			isa = XCBuildConfiguration;
			buildSettings = {
				ALWAYS_SEARCH_USER_PATHS = NO;
				CLANG_ANALYZER_NONNULL = YES;
				CLANG_ANALYZER_NUMBER_OBJECT_CONVERSION = YES_AGGRESSIVE;
				CLANG_CXX_LANGUAGE_STANDARD = "gnu++14";
				CLANG_CXX_LIBRARY = "libc++";
				CLANG_ENABLE_MODULES = YES;
				CLANG_ENABLE_OBJC_ARC = YES;
				CLANG_WARN_BLOCK_CAPTURE_AUTORELEASING = YES;
				CLANG_WARN_BOOL_CONVERSION = YES;
				CLANG_WARN_COMMA = YES;
				CLANG_WARN_CONSTANT_CONVERSION = YES;
				CLANG_WARN_DIRECT_OBJC_ISA_USAGE = YES_ERROR;
				CLANG_WARN_DOCUMENTATION_COMMENTS = YES;
				CLANG_WARN_EMPTY_BODY = YES;
				CLANG_WARN_ENUM_CONVERSION = YES;
				CLANG_WARN_INFINITE_RECURSION = YES;
				CLANG_WARN_INT_CONVERSION = YES;
				CLANG_WARN_NON_LITERAL_NULL_CONVERSION = YES;
				CLANG_WARN_OBJC_LITERAL_CONVERSION = YES;
				CLANG_WARN_OBJC_ROOT_CLASS = YES_ERROR;
				CLANG_WARN_RANGE_LOOP_ANALYSIS = YES;
				CLANG_WARN_STRICT_PROTOTYPES = YES;
				CLANG_WARN_SUSPICIOUS_MOVE = YES;
				CLANG_WARN_UNGUARDED_AVAILABILITY = YES_AGGRESSIVE;
				CLANG_WARN_UNREACHABLE_CODE = YES;
				CLANG_WARN__DUPLICATE_METHOD_MATCH = YES;
				CODE_SIGN_IDENTITY = "iPhone Developer";
				COPY_PHASE_STRIP = NO;
				DEBUG_INFORMATION_FORMAT = "dwarf-with-dsym";
				ENABLE_NS_ASSERTIONS = NO;
				ENABLE_STRICT_OBJC_MSGSEND = YES;
				GCC_C_LANGUAGE_STANDARD = gnu11;
				GCC_NO_COMMON_BLOCKS = YES;
				GCC_WARN_64_TO_32_BIT_CONVERSION = YES;
				GCC_WARN_ABOUT_RETURN_TYPE = YES_ERROR;
				GCC_WARN_UNDECLARED_SELECTOR = YES;
				GCC_WARN_UNINITIALIZED_AUTOS = YES_AGGRESSIVE;
				GCC_WARN_UNUSED_FUNCTION = YES;
				GCC_WARN_UNUSED_VARIABLE = YES;
				IPHONEOS_DEPLOYMENT_TARGET = 11.1;
				MTL_ENABLE_DEBUG_INFO = NO;
				SDKROOT = iphoneos;
				SWIFT_OPTIMIZATION_LEVEL = "-Owholemodule";
				VALIDATE_PRODUCT = YES;
			};
			name = Release;
		};
		12358AEF1FD636640075DB7B /* Debug */ = {
			isa = XCBuildConfiguration;
			buildSettings = {
				ASSETCATALOG_COMPILER_APPICON_NAME = AppIcon;
				CODE_SIGN_STYLE = Automatic;
				DEVELOPMENT_TEAM = 2VGL7CT34X;
				INFOPLIST_FILE = "PT-W6D1-Demo-App/Info.plist";
				LD_RUNPATH_SEARCH_PATHS = "$(inherited) @executable_path/Frameworks";
				PRODUCT_BUNDLE_IDENTIFIER = "com.toysinboxes.PT-W6D1-Demo-App";
				PRODUCT_NAME = "$(TARGET_NAME)";
				SWIFT_VERSION = 4.0;
				TARGETED_DEVICE_FAMILY = "1,2";
			};
			name = Debug;
		};
		12358AF01FD636640075DB7B /* Release */ = {
			isa = XCBuildConfiguration;
			buildSettings = {
				ASSETCATALOG_COMPILER_APPICON_NAME = AppIcon;
				CODE_SIGN_STYLE = Automatic;
				DEVELOPMENT_TEAM = 2VGL7CT34X;
				INFOPLIST_FILE = "PT-W6D1-Demo-App/Info.plist";
				LD_RUNPATH_SEARCH_PATHS = "$(inherited) @executable_path/Frameworks";
				PRODUCT_BUNDLE_IDENTIFIER = "com.toysinboxes.PT-W6D1-Demo-App";
				PRODUCT_NAME = "$(TARGET_NAME)";
				SWIFT_VERSION = 4.0;
				TARGETED_DEVICE_FAMILY = "1,2";
			};
			name = Release;
		};
/* End XCBuildConfiguration section */

/* Begin XCConfigurationList section */
		12358AD71FD636640075DB7B /* Build configuration list for PBXProject "PT-W6D1-Demo-App" */ = {
			isa = XCConfigurationList;
			buildConfigurations = (
				12358AEC1FD636640075DB7B /* Debug */,
				12358AED1FD636640075DB7B /* Release */,
			);
			defaultConfigurationIsVisible = 0;
			defaultConfigurationName = Release;
		};
		12358AEE1FD636640075DB7B /* Build configuration list for PBXNativeTarget "PT-W6D1-Demo-App" */ = {
			isa = XCConfigurationList;
			buildConfigurations = (
				12358AEF1FD636640075DB7B /* Debug */,
				12358AF01FD636640075DB7B /* Release */,
			);
			defaultConfigurationIsVisible = 0;
			defaultConfigurationName = Release;
		};
/* End XCConfigurationList section */
	};
	rootObject = 12358AD41FD636640075DB7B /* Project object */;
}
